
Microsoft Visual Studio Solution File, Format Version 12.00
# Visual Studio 14
VisualStudioVersion = 14.0.25420.1
MinimumVisualStudioVersion = 10.0.40219.1
Project("{FAE04EC0-301F-11D3-BF4B-00C04F79EFBC}") = "EmployeeService", "EmployeeService\EmployeeService.csproj", "{4FA41DBB-2D71-4D9E-A3B2-35EC4A9F7A73}"
EndProject
Project("{FAE04EC0-301F-11D3-BF4B-00C04F79EFBC}") = "EmployeeDataAccess", "EmployeeDataAccess\EmployeeDataAccess.csproj", "{EA8DCA41-DDA3-4E51-9E24-008F4FCDE045}"
EndProject
Project("{FAE04EC0-301F-11D3-BF4B-00C04F79EFBC}") = "ClientApplication", "ClientApplication\ClientApplication.csproj", "{FD45D61D-7A2F-484C-AD13-F5BB2A70CDD2}"
EndProject
Global
	GlobalSection(SolutionConfigurationPlatforms) = preSolution
		Debug|Any CPU = Debug|Any CPU
		Release|Any CPU = Release|Any CPU
	EndGlobalSection
	GlobalSection(ProjectConfigurationPlatforms) = postSolution
		{4FA41DBB-2D71-4D9E-A3B2-35EC4A9F7A73}.Debug|Any CPU.ActiveCfg = Debug|Any CPU
		{4FA41DBB-2D71-4D9E-A3B2-35EC4A9F7A73}.Debug|Any CPU.Build.0 = Debug|Any CPU
		{4FA41DBB-2D71-4D9E-A3B2-35EC4A9F7A73}.Release|Any CPU.ActiveCfg = Release|Any CPU
		{4FA41DBB-2D71-4D9E-A3B2-35EC4A9F7A73}.Release|Any CPU.Build.0 = Release|Any CPU
		{EA8DCA41-DDA3-4E51-9E24-008F4FCDE045}.Debug|Any CPU.ActiveCfg = Debug|Any CPU
		{EA8DCA41-DDA3-4E51-9E24-008F4FCDE045}.Debug|Any CPU.Build.0 = Debug|Any CPU
		{EA8DCA41-DDA3-4E51-9E24-008F4FCDE045}.Release|Any CPU.ActiveCfg = Release|Any CPU
		{EA8DCA41-DDA3-4E51-9E24-008F4FCDE045}.Release|Any CPU.Build.0 = Release|Any CPU
		{FD45D61D-7A2F-484C-AD13-F5BB2A70CDD2}.Debug|Any CPU.ActiveCfg = Debug|Any CPU
		{FD45D61D-7A2F-484C-AD13-F5BB2A70CDD2}.Debug|Any CPU.Build.0 = Debug|Any CPU
		{FD45D61D-7A2F-484C-AD13-F5BB2A70CDD2}.Release|Any CPU.ActiveCfg = Release|Any CPU
		{FD45D61D-7A2F-484C-AD13-F5BB2A70CDD2}.Release|Any CPU.Build.0 = Release|Any CPU
	EndGlobalSection
	GlobalSection(SolutionProperties) = preSolution
		HideSolutionNode = FALSE
	EndGlobalSection
EndGlobal
